#
# This file is autogenerated by pip-compile with Python 3.11
# by the following command:
#
#    pip-compile --output-file=requirements.lock --strip-extras requirements.txt
#
alembic==1.18.5
    # via -r requirements.txt
amqp==5.3.1
    # via kombu
annotated-doc==0.0.4
    # via fastapi
annotated-types==0.7.0
    # via pydantic
anyio==4.14.2
    # via
    #   httpx
    #   starlette
    #   watchfiles
bcrypt==5.0.0
    # via passlib
beautifulsoup4==4.15.0
    # via
    #   -r requirements.txt
    #   deep-translator
billiard==4.2.4
    # via celery
bleach==6.4.0
    # via -r requirements.txt
cachetools==7.1.4
    # via -r requirements.txt
celery==5.6.3
    # via -r requirements.txt
certifi==2026.6.17
    # via
    #   httpcore
    #   httpx
    #   requests
cffi==2.1.0
    # via cryptography
charset-normalizer==3.4.9
    # via requests
click==8.4.2
    # via
    #   -r requirements.txt
    #   celery
    #   click-didyoumean
    #   click-plugins
    #   click-repl
    #   uvicorn
click-didyoumean==0.3.1
    # via celery
click-plugins==1.1.1.2
    # via celery
click-repl==0.3.0
    # via celery
cryptography==50.0.0
    # via
    #   -r requirements.txt
    #   python-jose
deep-translator==1.8.3
    # via -r requirements.txt
dnspython==2.8.0
    # via email-validator
ecdsa==0.19.2
    # via
    #   -r requirements.txt
    #   python-jose
email-validator==2.3.0
    # via
    #   -r requirements.txt
    #   pydantic
fastapi==0.139.0
    # via -r requirements.txt
greenlet==3.5.3
    # via sqlalchemy
gunicorn==26.0.0
    # via -r requirements.txt
h11==0.16.0
    # via
    #   httpcore
    #   uvicorn
httpcore==1.0.9
    # via httpx
httptools==0.8.0
    # via uvicorn
httpx==0.28.1
    # via -r requirements.txt
idna==3.18
    # via
    #   anyio
    #   email-validator
    #   httpx
    #   requests
jinja2==3.1.6
    # via -r requirements.txt
kombu==5.6.2
    # via celery
mako==1.3.12
    # via alembic
markupsafe==3.0.3
    # via
    #   jinja2
    #   mako
packaging==26.2
    # via
    #   gunicorn
    #   kombu
    #   pytesseract
passlib==1.7.4
    # via -r requirements.txt
pillow==12.3.0
    # via
    #   -r requirements.txt
    #   pytesseract
prometheus-client==0.21.1
    # via -r requirements.txt
prompt-toolkit==3.0.52
    # via click-repl
psutil==7.2.2
    # via -r requirements.txt
psycopg2-binary==2.9.12
    # via -r requirements.txt
pyasn1==0.6.4
    # via
    #   python-jose
    #   rsa
pycparser==3.0
    # via cffi
pydantic==2.13.4
    # via
    #   -r requirements.txt
    #   fastapi
    #   pydantic-settings
pydantic-core==2.46.4
    # via pydantic
pydantic-settings==2.14.2
    # via -r requirements.txt
pytesseract==0.3.13
    # via -r requirements.txt
python-dateutil==2.9.0.post0
    # via celery
python-dotenv==1.2.2
    # via
    #   -r requirements.txt
    #   pydantic-settings
    #   uvicorn
python-jose==3.5.0
    # via -r requirements.txt
python-multipart==0.0.32
    # via -r requirements.txt
pyyaml==6.0.3
    # via uvicorn
redis==8.0.1
    # via -r requirements.txt
requests==2.33.1
    # via
    #   -r requirements.txt
    #   deep-translator
rsa==4.9.1
    # via python-jose
six==1.17.0
    # via
    #   ecdsa
    #   python-dateutil
soupsieve==2.10
    # via beautifulsoup4
sqlalchemy==2.0.51
    # via
    #   -r requirements.txt
    #   alembic
starlette==1.3.1
    # via fastapi
structlog==26.1.0
    # via -r requirements.txt
typing-extensions==4.16.0
    # via
    #   alembic
    #   anyio
    #   beautifulsoup4
    #   fastapi
    #   pydantic
    #   pydantic-core
    #   sqlalchemy
    #   starlette
    #   typing-inspection
typing-inspection==0.4.2
    # via
    #   fastapi
    #   pydantic
    #   pydantic-settings
tzdata==2026.3
    # via kombu
tzlocal==5.4.4
    # via celery
urllib3==2.7.0
    # via requests
uvicorn==0.51.0
    # via -r requirements.txt
uvloop==0.22.1
    # via uvicorn
vine==5.1.0
    # via
    #   amqp
    #   celery
    #   kombu
watchfiles==1.2.0
    # via uvicorn
wcwidth==0.8.2
    # via prompt-toolkit
webencodings==0.5.1
    # via bleach
websockets==16.1
    # via uvicorn
